
Microsoft Visual Studio Solution File, Format Version 12.00
# Visual Studio Version 16
VisualStudioVersion = 16.0.32602.291
MinimumVisualStudioVersion = 10.0.40219.1
Project("{9A19103F-16F7-4668-BE54-9A1E7A4F7556}") = "TraveltimeCalculator", "TraveltimeCalculator\TraveltimeCalculator.csproj", "{9C67B6B4-C59E-4B5F-8202-50BFEBE745B7}"
EndProject
Project("{9A19103F-16F7-4668-BE54-9A1E7A4F7556}") = "TravelTimeCron", "TravelTimeCron\TravelTimeCron.csproj", "{1F083690-C40F-4032-A667-E75CA23A2C77}"
EndProject
Project("{9A19103F-16F7-4668-BE54-9A1E7A4F7556}") = "TravelTimeFunction", "TravelTimeFunction\TravelTimeFunction\TravelTimeFunction.csproj", "{35808A18-519F-4A8E-B812-60236F0D6D77}"
EndProject
Global
	GlobalSection(SolutionConfigurationPlatforms) = preSolution
		Debug|Any CPU = Debug|Any CPU
		Release|Any CPU = Release|Any CPU
	EndGlobalSection
	GlobalSection(ProjectConfigurationPlatforms) = postSolution
		{9C67B6B4-C59E-4B5F-8202-50BFEBE745B7}.Debug|Any CPU.ActiveCfg = Debug|Any CPU
		{9C67B6B4-C59E-4B5F-8202-50BFEBE745B7}.Debug|Any CPU.Build.0 = Debug|Any CPU
		{9C67B6B4-C59E-4B5F-8202-50BFEBE745B7}.Release|Any CPU.ActiveCfg = Release|Any CPU
		{9C67B6B4-C59E-4B5F-8202-50BFEBE745B7}.Release|Any CPU.Build.0 = Release|Any CPU
		{1F083690-C40F-4032-A667-E75CA23A2C77}.Debug|Any CPU.ActiveCfg = Debug|Any CPU
		{1F083690-C40F-4032-A667-E75CA23A2C77}.Debug|Any CPU.Build.0 = Debug|Any CPU
		{1F083690-C40F-4032-A667-E75CA23A2C77}.Release|Any CPU.ActiveCfg = Release|Any CPU
		{1F083690-C40F-4032-A667-E75CA23A2C77}.Release|Any CPU.Build.0 = Release|Any CPU
		{35808A18-519F-4A8E-B812-60236F0D6D77}.Debug|Any CPU.ActiveCfg = Debug|Any CPU
		{35808A18-519F-4A8E-B812-60236F0D6D77}.Debug|Any CPU.Build.0 = Debug|Any CPU
		{35808A18-519F-4A8E-B812-60236F0D6D77}.Release|Any CPU.ActiveCfg = Release|Any CPU
		{35808A18-519F-4A8E-B812-60236F0D6D77}.Release|Any CPU.Build.0 = Release|Any CPU
	EndGlobalSection
	GlobalSection(SolutionProperties) = preSolution
		HideSolutionNode = FALSE
	EndGlobalSection
	GlobalSection(ExtensibilityGlobals) = postSolution
		SolutionGuid = {65D351E2-981B-41EB-B81B-D8614B82021B}
	EndGlobalSection
EndGlobal
